
Microsoft Visual Studio Solution File, Format Version 11.00
# Visual C++ Express 2010
Project("{8BC9CEB8-8B4A-11D0-8D11-00A0C91BC942}") = "Fruits", "Fruits\Fruits.vcxproj", "{45C58937-DCF4-4BF0-BB5E-4476CE174830}"
EndProject
Global
	GlobalSection(SolutionConfigurationPlatforms) = preSolution
		Debug|Win32 = Debug|Win32
		Release|Win32 = Release|Win32
	EndGlobalSection
	GlobalSection(ProjectConfigurationPlatforms) = postSolution
		{45C58937-DCF4-4BF0-BB5E-4476CE174830}.Debug|Win32.ActiveCfg = Debug|Win32
		{45C58937-DCF4-4BF0-BB5E-4476CE174830}.Debug|Win32.Build.0 = Debug|Win32
		{45C58937-DCF4-4BF0-BB5E-4476CE174830}.Release|Win32.ActiveCfg = Release|Win32
		{45C58937-DCF4-4BF0-BB5E-4476CE174830}.Release|Win32.Build.0 = Release|Win32
	EndGlobalSection
	GlobalSection(SolutionProperties) = preSolution
		HideSolutionNode = FALSE
	EndGlobalSection
EndGlobal
