
Microsoft Visual Studio Solution File, Format Version 11.00
# Visual C++ Express 2010
Project("{8BC9CEB8-8B4A-11D0-8D11-00A0C91BC942}") = "struct and class", "struct and class\struct and class.vcxproj", "{E31F6D8D-E616-4250-8DAD-31241CC66770}"
EndProject
Global
	GlobalSection(SolutionConfigurationPlatforms) = preSolution
		Debug|Win32 = Debug|Win32
		Release|Win32 = Release|Win32
	EndGlobalSection
	GlobalSection(ProjectConfigurationPlatforms) = postSolution
		{E31F6D8D-E616-4250-8DAD-31241CC66770}.Debug|Win32.ActiveCfg = Debug|Win32
		{E31F6D8D-E616-4250-8DAD-31241CC66770}.Debug|Win32.Build.0 = Debug|Win32
		{E31F6D8D-E616-4250-8DAD-31241CC66770}.Release|Win32.ActiveCfg = Release|Win32
		{E31F6D8D-E616-4250-8DAD-31241CC66770}.Release|Win32.Build.0 = Release|Win32
	EndGlobalSection
	GlobalSection(SolutionProperties) = preSolution
		HideSolutionNode = FALSE
	EndGlobalSection
EndGlobal
