
Microsoft Visual Studio Solution File, Format Version 11.00
# Visual C++ Express 2010
Project("{8BC9CEB8-8B4A-11D0-8D11-00A0C91BC942}") = "Checking IO stream Runtime Error", "Checking IO stream Runtime Error\Checking IO stream Runtime Error.vcxproj", "{D2CE46B4-6908-4487-A564-D7614EEB4502}"
EndProject
Global
	GlobalSection(SolutionConfigurationPlatforms) = preSolution
		Debug|Win32 = Debug|Win32
		Release|Win32 = Release|Win32
	EndGlobalSection
	GlobalSection(ProjectConfigurationPlatforms) = postSolution
		{D2CE46B4-6908-4487-A564-D7614EEB4502}.Debug|Win32.ActiveCfg = Debug|Win32
		{D2CE46B4-6908-4487-A564-D7614EEB4502}.Debug|Win32.Build.0 = Debug|Win32
		{D2CE46B4-6908-4487-A564-D7614EEB4502}.Release|Win32.ActiveCfg = Release|Win32
		{D2CE46B4-6908-4487-A564-D7614EEB4502}.Release|Win32.Build.0 = Release|Win32
	EndGlobalSection
	GlobalSection(SolutionProperties) = preSolution
		HideSolutionNode = FALSE
	EndGlobalSection
EndGlobal
