
Microsoft Visual Studio Solution File, Format Version 11.00
# Visual C++ Express 2010
Project("{8BC9CEB8-8B4A-11D0-8D11-00A0C91BC942}") = "Returning the vector from function", "Returning the vector from function\Returning the vector from function.vcxproj", "{30C7045B-0125-439C-9C82-48F3D5DF996E}"
EndProject
Global
	GlobalSection(SolutionConfigurationPlatforms) = preSolution
		Debug|Win32 = Debug|Win32
		Release|Win32 = Release|Win32
	EndGlobalSection
	GlobalSection(ProjectConfigurationPlatforms) = postSolution
		{30C7045B-0125-439C-9C82-48F3D5DF996E}.Debug|Win32.ActiveCfg = Debug|Win32
		{30C7045B-0125-439C-9C82-48F3D5DF996E}.Debug|Win32.Build.0 = Debug|Win32
		{30C7045B-0125-439C-9C82-48F3D5DF996E}.Release|Win32.ActiveCfg = Release|Win32
		{30C7045B-0125-439C-9C82-48F3D5DF996E}.Release|Win32.Build.0 = Release|Win32
	EndGlobalSection
	GlobalSection(SolutionProperties) = preSolution
		HideSolutionNode = FALSE
	EndGlobalSection
EndGlobal
