
Microsoft Visual Studio Solution File, Format Version 11.00
# Visual C++ Express 2010
Project("{8BC9CEB8-8B4A-11D0-8D11-00A0C91BC942}") = "Calculator", "Calculator\Calculator.vcxproj", "{97D5B7C8-743A-4683-A425-C3469232F875}"
EndProject
Global
	GlobalSection(SolutionConfigurationPlatforms) = preSolution
		Debug|Win32 = Debug|Win32
		Release|Win32 = Release|Win32
	EndGlobalSection
	GlobalSection(ProjectConfigurationPlatforms) = postSolution
		{97D5B7C8-743A-4683-A425-C3469232F875}.Debug|Win32.ActiveCfg = Debug|Win32
		{97D5B7C8-743A-4683-A425-C3469232F875}.Debug|Win32.Build.0 = Debug|Win32
		{97D5B7C8-743A-4683-A425-C3469232F875}.Release|Win32.ActiveCfg = Release|Win32
		{97D5B7C8-743A-4683-A425-C3469232F875}.Release|Win32.Build.0 = Release|Win32
	EndGlobalSection
	GlobalSection(SolutionProperties) = preSolution
		HideSolutionNode = FALSE
	EndGlobalSection
EndGlobal
