
Microsoft Visual Studio Solution File, Format Version 11.00
# Visual C++ Express 2010
Project("{8BC9CEB8-8B4A-11D0-8D11-00A0C91BC942}") = "inClass Map", "inClass Map\inClass Map.vcxproj", "{5626CC2A-CE2B-4464-B90F-E0CA60F4F701}"
EndProject
Global
	GlobalSection(SolutionConfigurationPlatforms) = preSolution
		Debug|Win32 = Debug|Win32
		Release|Win32 = Release|Win32
	EndGlobalSection
	GlobalSection(ProjectConfigurationPlatforms) = postSolution
		{5626CC2A-CE2B-4464-B90F-E0CA60F4F701}.Debug|Win32.ActiveCfg = Debug|Win32
		{5626CC2A-CE2B-4464-B90F-E0CA60F4F701}.Debug|Win32.Build.0 = Debug|Win32
		{5626CC2A-CE2B-4464-B90F-E0CA60F4F701}.Release|Win32.ActiveCfg = Release|Win32
		{5626CC2A-CE2B-4464-B90F-E0CA60F4F701}.Release|Win32.Build.0 = Release|Win32
	EndGlobalSection
	GlobalSection(SolutionProperties) = preSolution
		HideSolutionNode = FALSE
	EndGlobalSection
EndGlobal
